
Microsoft Visual Studio Solution File, Format Version 12.00
# Visual Studio Version 16
VisualStudioVersion = 16.0.29806.167
MinimumVisualStudioVersion = 10.0.40219.1
Project("{8BC9CEB8-8B4A-11D0-8D11-00A0C91BC942}") = "1463 1로 만들기", "1463 1로 만들기\1463 1로 만들기.vcxproj", "{7E9F1262-65E8-4D27-8C7A-FCAE730DD1A9}"
EndProject
Global
	GlobalSection(SolutionConfigurationPlatforms) = preSolution
		Debug|x64 = Debug|x64
		Debug|x86 = Debug|x86
		Release|x64 = Release|x64
		Release|x86 = Release|x86
	EndGlobalSection
	GlobalSection(ProjectConfigurationPlatforms) = postSolution
		{7E9F1262-65E8-4D27-8C7A-FCAE730DD1A9}.Debug|x64.ActiveCfg = Debug|x64
		{7E9F1262-65E8-4D27-8C7A-FCAE730DD1A9}.Debug|x64.Build.0 = Debug|x64
		{7E9F1262-65E8-4D27-8C7A-FCAE730DD1A9}.Debug|x86.ActiveCfg = Debug|Win32
		{7E9F1262-65E8-4D27-8C7A-FCAE730DD1A9}.Debug|x86.Build.0 = Debug|Win32
		{7E9F1262-65E8-4D27-8C7A-FCAE730DD1A9}.Release|x64.ActiveCfg = Release|x64
		{7E9F1262-65E8-4D27-8C7A-FCAE730DD1A9}.Release|x64.Build.0 = Release|x64
		{7E9F1262-65E8-4D27-8C7A-FCAE730DD1A9}.Release|x86.ActiveCfg = Release|Win32
		{7E9F1262-65E8-4D27-8C7A-FCAE730DD1A9}.Release|x86.Build.0 = Release|Win32
	EndGlobalSection
	GlobalSection(SolutionProperties) = preSolution
		HideSolutionNode = FALSE
	EndGlobalSection
	GlobalSection(ExtensibilityGlobals) = postSolution
		SolutionGuid = {950BCF56-54B1-4F9A-BD07-CDFC7783233A}
	EndGlobalSection
EndGlobal
