
Microsoft Visual Studio Solution File, Format Version 12.00
# Visual Studio Version 16
VisualStudioVersion = 16.0.29806.167
MinimumVisualStudioVersion = 10.0.40219.1
Project("{8BC9CEB8-8B4A-11D0-8D11-00A0C91BC942}") = "2667 단지번호붙이기", "2667 단지번호붙이기\2667 단지번호붙이기.vcxproj", "{D59509D8-72EC-428A-981C-9762AF62ED72}"
EndProject
Global
	GlobalSection(SolutionConfigurationPlatforms) = preSolution
		Debug|x64 = Debug|x64
		Debug|x86 = Debug|x86
		Release|x64 = Release|x64
		Release|x86 = Release|x86
	EndGlobalSection
	GlobalSection(ProjectConfigurationPlatforms) = postSolution
		{D59509D8-72EC-428A-981C-9762AF62ED72}.Debug|x64.ActiveCfg = Debug|x64
		{D59509D8-72EC-428A-981C-9762AF62ED72}.Debug|x64.Build.0 = Debug|x64
		{D59509D8-72EC-428A-981C-9762AF62ED72}.Debug|x86.ActiveCfg = Debug|Win32
		{D59509D8-72EC-428A-981C-9762AF62ED72}.Debug|x86.Build.0 = Debug|Win32
		{D59509D8-72EC-428A-981C-9762AF62ED72}.Release|x64.ActiveCfg = Release|x64
		{D59509D8-72EC-428A-981C-9762AF62ED72}.Release|x64.Build.0 = Release|x64
		{D59509D8-72EC-428A-981C-9762AF62ED72}.Release|x86.ActiveCfg = Release|Win32
		{D59509D8-72EC-428A-981C-9762AF62ED72}.Release|x86.Build.0 = Release|Win32
	EndGlobalSection
	GlobalSection(SolutionProperties) = preSolution
		HideSolutionNode = FALSE
	EndGlobalSection
	GlobalSection(ExtensibilityGlobals) = postSolution
		SolutionGuid = {B669094C-64A4-490B-BE30-6763CC265358}
	EndGlobalSection
EndGlobal
