
Microsoft Visual Studio Solution File, Format Version 12.00
# Visual Studio Version 16
VisualStudioVersion = 16.0.29709.97
MinimumVisualStudioVersion = 10.0.40219.1
Project("{8BC9CEB8-8B4A-11D0-8D11-00A0C91BC942}") = "1260 DFS와 BFS", "1260 DFS와 BFS\1260 DFS와 BFS.vcxproj", "{E1790E3B-DF9F-4C56-938A-B5E53B3F7ED1}"
EndProject
Global
	GlobalSection(SolutionConfigurationPlatforms) = preSolution
		Debug|x64 = Debug|x64
		Debug|x86 = Debug|x86
		Release|x64 = Release|x64
		Release|x86 = Release|x86
	EndGlobalSection
	GlobalSection(ProjectConfigurationPlatforms) = postSolution
		{E1790E3B-DF9F-4C56-938A-B5E53B3F7ED1}.Debug|x64.ActiveCfg = Debug|x64
		{E1790E3B-DF9F-4C56-938A-B5E53B3F7ED1}.Debug|x64.Build.0 = Debug|x64
		{E1790E3B-DF9F-4C56-938A-B5E53B3F7ED1}.Debug|x86.ActiveCfg = Debug|Win32
		{E1790E3B-DF9F-4C56-938A-B5E53B3F7ED1}.Debug|x86.Build.0 = Debug|Win32
		{E1790E3B-DF9F-4C56-938A-B5E53B3F7ED1}.Release|x64.ActiveCfg = Release|x64
		{E1790E3B-DF9F-4C56-938A-B5E53B3F7ED1}.Release|x64.Build.0 = Release|x64
		{E1790E3B-DF9F-4C56-938A-B5E53B3F7ED1}.Release|x86.ActiveCfg = Release|Win32
		{E1790E3B-DF9F-4C56-938A-B5E53B3F7ED1}.Release|x86.Build.0 = Release|Win32
	EndGlobalSection
	GlobalSection(SolutionProperties) = preSolution
		HideSolutionNode = FALSE
	EndGlobalSection
	GlobalSection(ExtensibilityGlobals) = postSolution
		SolutionGuid = {B864914D-EC05-499A-8743-CFB9633AF217}
	EndGlobalSection
EndGlobal
